
Microsoft Visual Studio Solution File, Format Version 12.00
# Visual Studio Version 17
VisualStudioVersion = 17.7.34221.43
MinimumVisualStudioVersion = 10.0.40219.1
Project("{FAE04EC0-301F-11D3-BF4B-00C04F79EFBC}") = "Secret_Santa_Dotnet", "Secret_Santa_Dotnet\Secret_Santa_Dotnet.csproj", "{776839B7-0AE6-4032-A94C-D79C1D9814D3}"
EndProject
Global
	GlobalSection(SolutionConfigurationPlatforms) = preSolution
		Debug|Any CPU = Debug|Any CPU
		Release|Any CPU = Release|Any CPU
	EndGlobalSection
	GlobalSection(ProjectConfigurationPlatforms) = postSolution
		{776839B7-0AE6-4032-A94C-D79C1D9814D3}.Debug|Any CPU.ActiveCfg = Debug|Any CPU
		{776839B7-0AE6-4032-A94C-D79C1D9814D3}.Debug|Any CPU.Build.0 = Debug|Any CPU
		{776839B7-0AE6-4032-A94C-D79C1D9814D3}.Release|Any CPU.ActiveCfg = Release|Any CPU
		{776839B7-0AE6-4032-A94C-D79C1D9814D3}.Release|Any CPU.Build.0 = Release|Any CPU
	EndGlobalSection
	GlobalSection(SolutionProperties) = preSolution
		HideSolutionNode = FALSE
	EndGlobalSection
	GlobalSection(ExtensibilityGlobals) = postSolution
		SolutionGuid = {763D13C7-3009-4B60-8AA5-61609FD16744}
	EndGlobalSection
EndGlobal
